
Microsoft Visual Studio Solution File, Format Version 12.00
# Visual Studio 14
VisualStudioVersion = 14.0.24720.0
MinimumVisualStudioVersion = 10.0.40219.1
Project("{8BC9CEB8-8B4A-11D0-8D11-00A0C91BC942}") = "Fan Class", "Homework 3\Homework 3.vcxproj", "{C45A3D13-1007-4D1E-B4CE-0C574F1112FA}"
EndProject
Project("{8BC9CEB8-8B4A-11D0-8D11-00A0C91BC942}") = "Quadratic Equation Class", "Quadratic Equation Class\Quadratic Equation Class.vcxproj", "{DD1B9452-2DA9-4FF8-ABB1-08FD68F2FC3E}"
EndProject
Project("{8BC9CEB8-8B4A-11D0-8D11-00A0C91BC942}") = "Even Number Class", "Even Number Class\Even Number Class.vcxproj", "{6D7FA9D7-3F34-4AA8-A0B3-8289A0B906CC}"
EndProject
Project("{8BC9CEB8-8B4A-11D0-8D11-00A0C91BC942}") = "String Sorting", "String Sorting\String Sorting.vcxproj", "{E6A9948C-F956-4D68-8FA3-C1F88E593515}"
EndProject
Global
	GlobalSection(SolutionConfigurationPlatforms) = preSolution
		Debug|x64 = Debug|x64
		Debug|x86 = Debug|x86
		Release|x64 = Release|x64
		Release|x86 = Release|x86
	EndGlobalSection
	GlobalSection(ProjectConfigurationPlatforms) = postSolution
		{C45A3D13-1007-4D1E-B4CE-0C574F1112FA}.Debug|x64.ActiveCfg = Debug|x64
		{C45A3D13-1007-4D1E-B4CE-0C574F1112FA}.Debug|x64.Build.0 = Debug|x64
		{C45A3D13-1007-4D1E-B4CE-0C574F1112FA}.Debug|x86.ActiveCfg = Debug|Win32
		{C45A3D13-1007-4D1E-B4CE-0C574F1112FA}.Debug|x86.Build.0 = Debug|Win32
		{C45A3D13-1007-4D1E-B4CE-0C574F1112FA}.Release|x64.ActiveCfg = Release|x64
		{C45A3D13-1007-4D1E-B4CE-0C574F1112FA}.Release|x64.Build.0 = Release|x64
		{C45A3D13-1007-4D1E-B4CE-0C574F1112FA}.Release|x86.ActiveCfg = Release|Win32
		{C45A3D13-1007-4D1E-B4CE-0C574F1112FA}.Release|x86.Build.0 = Release|Win32
		{DD1B9452-2DA9-4FF8-ABB1-08FD68F2FC3E}.Debug|x64.ActiveCfg = Debug|x64
		{DD1B9452-2DA9-4FF8-ABB1-08FD68F2FC3E}.Debug|x64.Build.0 = Debug|x64
		{DD1B9452-2DA9-4FF8-ABB1-08FD68F2FC3E}.Debug|x86.ActiveCfg = Debug|Win32
		{DD1B9452-2DA9-4FF8-ABB1-08FD68F2FC3E}.Debug|x86.Build.0 = Debug|Win32
		{DD1B9452-2DA9-4FF8-ABB1-08FD68F2FC3E}.Release|x64.ActiveCfg = Release|x64
		{DD1B9452-2DA9-4FF8-ABB1-08FD68F2FC3E}.Release|x64.Build.0 = Release|x64
		{DD1B9452-2DA9-4FF8-ABB1-08FD68F2FC3E}.Release|x86.ActiveCfg = Release|Win32
		{DD1B9452-2DA9-4FF8-ABB1-08FD68F2FC3E}.Release|x86.Build.0 = Release|Win32
		{6D7FA9D7-3F34-4AA8-A0B3-8289A0B906CC}.Debug|x64.ActiveCfg = Debug|x64
		{6D7FA9D7-3F34-4AA8-A0B3-8289A0B906CC}.Debug|x64.Build.0 = Debug|x64
		{6D7FA9D7-3F34-4AA8-A0B3-8289A0B906CC}.Debug|x86.ActiveCfg = Debug|Win32
		{6D7FA9D7-3F34-4AA8-A0B3-8289A0B906CC}.Debug|x86.Build.0 = Debug|Win32
		{6D7FA9D7-3F34-4AA8-A0B3-8289A0B906CC}.Release|x64.ActiveCfg = Release|x64
		{6D7FA9D7-3F34-4AA8-A0B3-8289A0B906CC}.Release|x64.Build.0 = Release|x64
		{6D7FA9D7-3F34-4AA8-A0B3-8289A0B906CC}.Release|x86.ActiveCfg = Release|Win32
		{6D7FA9D7-3F34-4AA8-A0B3-8289A0B906CC}.Release|x86.Build.0 = Release|Win32
		{E6A9948C-F956-4D68-8FA3-C1F88E593515}.Debug|x64.ActiveCfg = Debug|x64
		{E6A9948C-F956-4D68-8FA3-C1F88E593515}.Debug|x64.Build.0 = Debug|x64
		{E6A9948C-F956-4D68-8FA3-C1F88E593515}.Debug|x86.ActiveCfg = Debug|Win32
		{E6A9948C-F956-4D68-8FA3-C1F88E593515}.Debug|x86.Build.0 = Debug|Win32
		{E6A9948C-F956-4D68-8FA3-C1F88E593515}.Release|x64.ActiveCfg = Release|x64
		{E6A9948C-F956-4D68-8FA3-C1F88E593515}.Release|x64.Build.0 = Release|x64
		{E6A9948C-F956-4D68-8FA3-C1F88E593515}.Release|x86.ActiveCfg = Release|Win32
		{E6A9948C-F956-4D68-8FA3-C1F88E593515}.Release|x86.Build.0 = Release|Win32
	EndGlobalSection
	GlobalSection(SolutionProperties) = preSolution
		HideSolutionNode = FALSE
	EndGlobalSection
EndGlobal
